
Microsoft Visual Studio Solution File, Format Version 12.00
# Visual Studio Version 17
VisualStudioVersion = 17.6.33829.357
MinimumVisualStudioVersion = 10.0.40219.1
Project("{FAE04EC0-301F-11D3-BF4B-00C04F79EFBC}") = "Struk_Nikita_CAR_01", "Struk_Nikita_CAR_01\Struk_Nikita_CAR_01.csproj", "{F1108D48-9343-4A35-92DE-4B8D43322D5A}"
EndProject
Global
	GlobalSection(SolutionConfigurationPlatforms) = preSolution
		Debug|Any CPU = Debug|Any CPU
		Release|Any CPU = Release|Any CPU
	EndGlobalSection
	GlobalSection(ProjectConfigurationPlatforms) = postSolution
		{F1108D48-9343-4A35-92DE-4B8D43322D5A}.Debug|Any CPU.ActiveCfg = Debug|Any CPU
		{F1108D48-9343-4A35-92DE-4B8D43322D5A}.Debug|Any CPU.Build.0 = Debug|Any CPU
		{F1108D48-9343-4A35-92DE-4B8D43322D5A}.Release|Any CPU.ActiveCfg = Release|Any CPU
		{F1108D48-9343-4A35-92DE-4B8D43322D5A}.Release|Any CPU.Build.0 = Release|Any CPU
	EndGlobalSection
	GlobalSection(SolutionProperties) = preSolution
		HideSolutionNode = FALSE
	EndGlobalSection
	GlobalSection(ExtensibilityGlobals) = postSolution
		SolutionGuid = {D291E809-7FF3-4CF4-A4DF-119E3BC2A658}
	EndGlobalSection
EndGlobal
